
Microsoft Visual Studio Solution File, Format Version 12.00
# Visual Studio Version 16
VisualStudioVersion = 16.0.31605.320
MinimumVisualStudioVersion = 10.0.40219.1
Project("{9A19103F-16F7-4668-BE54-9A1E7A4F7556}") = "FileExtractor", "FileExtractor\FileExtractor.csproj", "{8AA97CEA-341E-4589-990F-C60B3FABC3AB}"
EndProject
Project("{9A19103F-16F7-4668-BE54-9A1E7A4F7556}") = "Parser", "Parser\Parser.csproj", "{4A7DF6A5-7382-4C96-AFE3-BF56A92E3FFE}"
EndProject
Project("{9A19103F-16F7-4668-BE54-9A1E7A4F7556}") = "Models", "Models\Models.csproj", "{C06B7951-9119-42C3-9F8F-78895BE9ED1B}"
EndProject
Project("{FAE04EC0-301F-11D3-BF4B-00C04F79EFBC}") = "Services", "Services\Services.csproj", "{2CCDBC4F-379E-448C-9B73-3736508A97F8}"
EndProject
Project("{FAE04EC0-301F-11D3-BF4B-00C04F79EFBC}") = "Utility", "Utility\Utility.csproj", "{40634975-B0BF-4CCB-971D-CDCC6F25783C}"
EndProject
Global
	GlobalSection(SolutionConfigurationPlatforms) = preSolution
		Debug|Any CPU = Debug|Any CPU
		Release|Any CPU = Release|Any CPU
	EndGlobalSection
	GlobalSection(ProjectConfigurationPlatforms) = postSolution
		{8AA97CEA-341E-4589-990F-C60B3FABC3AB}.Debug|Any CPU.ActiveCfg = Debug|Any CPU
		{8AA97CEA-341E-4589-990F-C60B3FABC3AB}.Debug|Any CPU.Build.0 = Debug|Any CPU
		{8AA97CEA-341E-4589-990F-C60B3FABC3AB}.Release|Any CPU.ActiveCfg = Release|Any CPU
		{8AA97CEA-341E-4589-990F-C60B3FABC3AB}.Release|Any CPU.Build.0 = Release|Any CPU
		{4A7DF6A5-7382-4C96-AFE3-BF56A92E3FFE}.Debug|Any CPU.ActiveCfg = Debug|Any CPU
		{4A7DF6A5-7382-4C96-AFE3-BF56A92E3FFE}.Debug|Any CPU.Build.0 = Debug|Any CPU
		{4A7DF6A5-7382-4C96-AFE3-BF56A92E3FFE}.Release|Any CPU.ActiveCfg = Release|Any CPU
		{4A7DF6A5-7382-4C96-AFE3-BF56A92E3FFE}.Release|Any CPU.Build.0 = Release|Any CPU
		{C06B7951-9119-42C3-9F8F-78895BE9ED1B}.Debug|Any CPU.ActiveCfg = Debug|Any CPU
		{C06B7951-9119-42C3-9F8F-78895BE9ED1B}.Debug|Any CPU.Build.0 = Debug|Any CPU
		{C06B7951-9119-42C3-9F8F-78895BE9ED1B}.Release|Any CPU.ActiveCfg = Release|Any CPU
		{C06B7951-9119-42C3-9F8F-78895BE9ED1B}.Release|Any CPU.Build.0 = Release|Any CPU
		{2CCDBC4F-379E-448C-9B73-3736508A97F8}.Debug|Any CPU.ActiveCfg = Debug|Any CPU
		{2CCDBC4F-379E-448C-9B73-3736508A97F8}.Debug|Any CPU.Build.0 = Debug|Any CPU
		{2CCDBC4F-379E-448C-9B73-3736508A97F8}.Release|Any CPU.ActiveCfg = Release|Any CPU
		{2CCDBC4F-379E-448C-9B73-3736508A97F8}.Release|Any CPU.Build.0 = Release|Any CPU
		{40634975-B0BF-4CCB-971D-CDCC6F25783C}.Debug|Any CPU.ActiveCfg = Debug|Any CPU
		{40634975-B0BF-4CCB-971D-CDCC6F25783C}.Debug|Any CPU.Build.0 = Debug|Any CPU
		{40634975-B0BF-4CCB-971D-CDCC6F25783C}.Release|Any CPU.ActiveCfg = Release|Any CPU
		{40634975-B0BF-4CCB-971D-CDCC6F25783C}.Release|Any CPU.Build.0 = Release|Any CPU
	EndGlobalSection
	GlobalSection(SolutionProperties) = preSolution
		HideSolutionNode = FALSE
	EndGlobalSection
	GlobalSection(ExtensibilityGlobals) = postSolution
		SolutionGuid = {33064B5A-227A-4F34-9663-9CC938455E71}
	EndGlobalSection
EndGlobal
